
Microsoft Visual Studio Solution File, Format Version 12.00
# Visual Studio Version 16
VisualStudioVersion = 16.0.31729.503
MinimumVisualStudioVersion = 10.0.40219.1
Project("{FAE04EC0-301F-11D3-BF4B-00C04F79EFBC}") = "HowardPlaysBot", "HowardPlaysBot.csproj", "{FFDCE991-8728-44B8-9BD3-FBCB3C348179}"
EndProject
Global
	GlobalSection(SolutionConfigurationPlatforms) = preSolution
		Debug|Any CPU = Debug|Any CPU
		Release|Any CPU = Release|Any CPU
	EndGlobalSection
	GlobalSection(ProjectConfigurationPlatforms) = postSolution
		{FFDCE991-8728-44B8-9BD3-FBCB3C348179}.Debug|Any CPU.ActiveCfg = Debug|Any CPU
		{FFDCE991-8728-44B8-9BD3-FBCB3C348179}.Debug|Any CPU.Build.0 = Debug|Any CPU
		{FFDCE991-8728-44B8-9BD3-FBCB3C348179}.Release|Any CPU.ActiveCfg = Release|Any CPU
		{FFDCE991-8728-44B8-9BD3-FBCB3C348179}.Release|Any CPU.Build.0 = Release|Any CPU
	EndGlobalSection
	GlobalSection(SolutionProperties) = preSolution
		HideSolutionNode = FALSE
	EndGlobalSection
	GlobalSection(ExtensibilityGlobals) = postSolution
		SolutionGuid = {14750B8F-4E69-4A80-8929-E671F1A7FCE7}
	EndGlobalSection
EndGlobal
